
Microsoft Visual Studio Solution File, Format Version 12.00
# Visual Studio Version 17
VisualStudioVersion = 17.2.32526.322
MinimumVisualStudioVersion = 10.0.40219.1
Project("{FAE04EC0-301F-11D3-BF4B-00C04F79EFBC}") = "DemoAPIWebCQRS", "DemoAPIWebCQRS\DemoAPIWebCQRS.csproj", "{8031789E-C3B1-4E60-B662-D2C230888573}"
EndProject
Global
	GlobalSection(SolutionConfigurationPlatforms) = preSolution
		Debug|Any CPU = Debug|Any CPU
		Release|Any CPU = Release|Any CPU
	EndGlobalSection
	GlobalSection(ProjectConfigurationPlatforms) = postSolution
		{8031789E-C3B1-4E60-B662-D2C230888573}.Debug|Any CPU.ActiveCfg = Debug|Any CPU
		{8031789E-C3B1-4E60-B662-D2C230888573}.Debug|Any CPU.Build.0 = Debug|Any CPU
		{8031789E-C3B1-4E60-B662-D2C230888573}.Release|Any CPU.ActiveCfg = Release|Any CPU
		{8031789E-C3B1-4E60-B662-D2C230888573}.Release|Any CPU.Build.0 = Release|Any CPU
	EndGlobalSection
	GlobalSection(SolutionProperties) = preSolution
		HideSolutionNode = FALSE
	EndGlobalSection
	GlobalSection(ExtensibilityGlobals) = postSolution
		SolutionGuid = {51482A99-CE48-4336-B9FA-CE61B083A65F}
	EndGlobalSection
EndGlobal
